// !$*UTF8*$!
{
	archiveVersion = 1;
	classes = {
	};
	objectVersion = 50;
	objects = {

/* Begin PBXBuildFile section */
		8884A9BD3615DBBD8EB95C29 /* Pods_smack.framework in Frameworks */ = {isa = PBXBuildFile; fileRef = 69A1167047BB8080FDBD9099 /* Pods_smack.framework */; };
		A54953AC22ECA26A004A3FE5 /* SWRevealViewController.m in Sources */ = {isa = PBXBuildFile; fileRef = A54953AA22ECA26A004A3FE5 /* SWRevealViewController.m */; };
		A54953B122ECA5A4004A3FE5 /* ChatVC.swift in Sources */ = {isa = PBXBuildFile; fileRef = A54953B022ECA5A4004A3FE5 /* ChatVC.swift */; };
		A54953B322ECA5B7004A3FE5 /* ChannelVC.swift in Sources */ = {isa = PBXBuildFile; fileRef = A54953B222ECA5B7004A3FE5 /* ChannelVC.swift */; };
		A54953B522ECAB10004A3FE5 /* GradientView.swift in Sources */ = {isa = PBXBuildFile; fileRef = A54953B422ECAB10004A3FE5 /* GradientView.swift */; };
		A5972B07227637EB00FEC8E3 /* AppDelegate.swift in Sources */ = {isa = PBXBuildFile; fileRef = A5972B06227637EB00FEC8E3 /* AppDelegate.swift */; };
		A5972B0C227637EB00FEC8E3 /* Main.storyboard in Resources */ = {isa = PBXBuildFile; fileRef = A5972B0A227637EB00FEC8E3 /* Main.storyboard */; };
		A5972B0E227637EB00FEC8E3 /* Assets.xcassets in Resources */ = {isa = PBXBuildFile; fileRef = A5972B0D227637EB00FEC8E3 /* Assets.xcassets */; };
		A5972B11227637EB00FEC8E3 /* LaunchScreen.storyboard in Resources */ = {isa = PBXBuildFile; fileRef = A5972B0F227637EB00FEC8E3 /* LaunchScreen.storyboard */; };
		A5A0251F234755A000E01666 /* AvatarPickerViewController.swift in Sources */ = {isa = PBXBuildFile; fileRef = A5A0251E234755A000E01666 /* AvatarPickerViewController.swift */; };
		A5A025212347578E00E01666 /* AvatarCell.swift in Sources */ = {isa = PBXBuildFile; fileRef = A5A025202347578E00E01666 /* AvatarCell.swift */; };
		A5A5857F233F9638000D6EB4 /* UserDataService.swift in Sources */ = {isa = PBXBuildFile; fileRef = A5A5857E233F9638000D6EB4 /* UserDataService.swift */; };
		A5C414F8233E1C8D00833F23 /* AuthService.swift in Sources */ = {isa = PBXBuildFile; fileRef = A5C414F7233E1C8D00833F23 /* AuthService.swift */; };
		A5C414FA233E9A4D00833F23 /* RoundedButton.swift in Sources */ = {isa = PBXBuildFile; fileRef = A5C414F9233E9A4D00833F23 /* RoundedButton.swift */; };
		A5D4700A22ECB52000907804 /* Constants.swift in Sources */ = {isa = PBXBuildFile; fileRef = A5D4700922ECB52000907804 /* Constants.swift */; };
		A5D4700C22ECC92A00907804 /* LoginVC.swift in Sources */ = {isa = PBXBuildFile; fileRef = A5D4700B22ECC92A00907804 /* LoginVC.swift */; };
		A5D4700E22ECCB5800907804 /* CreateAccountVC.swift in Sources */ = {isa = PBXBuildFile; fileRef = A5D4700D22ECCB5800907804 /* CreateAccountVC.swift */; };
/* End PBXBuildFile section */

/* Begin PBXFileReference section */
		3375F7BA4AD31D4B40B922E2 /* Pods-smack.release.xcconfig */ = {isa = PBXFileReference; includeInIndex = 1; lastKnownFileType = text.xcconfig; name = "Pods-smack.release.xcconfig"; path = "Pods/Target Support Files/Pods-smack/Pods-smack.release.xcconfig"; sourceTree = "<group>"; };
		55DFF618AA4B39D2F01C9463 /* Pods-smack.debug.xcconfig */ = {isa = PBXFileReference; includeInIndex = 1; lastKnownFileType = text.xcconfig; name = "Pods-smack.debug.xcconfig"; path = "Pods/Target Support Files/Pods-smack/Pods-smack.debug.xcconfig"; sourceTree = "<group>"; };
		69A1167047BB8080FDBD9099 /* Pods_smack.framework */ = {isa = PBXFileReference; explicitFileType = wrapper.framework; includeInIndex = 0; path = Pods_smack.framework; sourceTree = BUILT_PRODUCTS_DIR; };
		A54953A922ECA26A004A3FE5 /* smack-Bridging-Header.h */ = {isa = PBXFileReference; lastKnownFileType = sourcecode.c.h; path = "smack-Bridging-Header.h"; sourceTree = "<group>"; };
		A54953AA22ECA26A004A3FE5 /* SWRevealViewController.m */ = {isa = PBXFileReference; fileEncoding = 4; lastKnownFileType = sourcecode.c.objc; path = SWRevealViewController.m; sourceTree = "<group>"; };
		A54953AB22ECA26A004A3FE5 /* SWRevealViewController.h */ = {isa = PBXFileReference; fileEncoding = 4; lastKnownFileType = sourcecode.c.h; path = SWRevealViewController.h; sourceTree = "<group>"; };
		A54953B022ECA5A4004A3FE5 /* ChatVC.swift */ = {isa = PBXFileReference; lastKnownFileType = sourcecode.swift; path = ChatVC.swift; sourceTree = "<group>"; };
		A54953B222ECA5B7004A3FE5 /* ChannelVC.swift */ = {isa = PBXFileReference; lastKnownFileType = sourcecode.swift; path = ChannelVC.swift; sourceTree = "<group>"; };
		A54953B422ECAB10004A3FE5 /* GradientView.swift */ = {isa = PBXFileReference; lastKnownFileType = sourcecode.swift; path = GradientView.swift; sourceTree = "<group>"; };
		A5972B03227637EB00FEC8E3 /* smack.app */ = {isa = PBXFileReference; explicitFileType = wrapper.application; includeInIndex = 0; path = smack.app; sourceTree = BUILT_PRODUCTS_DIR; };
		A5972B06227637EB00FEC8E3 /* AppDelegate.swift */ = {isa = PBXFileReference; lastKnownFileType = sourcecode.swift; path = AppDelegate.swift; sourceTree = "<group>"; };
		A5972B0B227637EB00FEC8E3 /* Base */ = {isa = PBXFileReference; lastKnownFileType = file.storyboard; name = Base; path = Base.lproj/Main.storyboard; sourceTree = "<group>"; };
		A5972B0D227637EB00FEC8E3 /* Assets.xcassets */ = {isa = PBXFileReference; lastKnownFileType = folder.assetcatalog; path = Assets.xcassets; sourceTree = "<group>"; };
		A5972B10227637EB00FEC8E3 /* Base */ = {isa = PBXFileReference; lastKnownFileType = file.storyboard; name = Base; path = Base.lproj/LaunchScreen.storyboard; sourceTree = "<group>"; };
		A5972B12227637EB00FEC8E3 /* Info.plist */ = {isa = PBXFileReference; lastKnownFileType = text.plist.xml; path = Info.plist; sourceTree = "<group>"; };
		A5A0251E234755A000E01666 /* AvatarPickerViewController.swift */ = {isa = PBXFileReference; lastKnownFileType = sourcecode.swift; path = AvatarPickerViewController.swift; sourceTree = "<group>"; };
		A5A025202347578E00E01666 /* AvatarCell.swift */ = {isa = PBXFileReference; lastKnownFileType = sourcecode.swift; path = AvatarCell.swift; sourceTree = "<group>"; };
		A5A5857E233F9638000D6EB4 /* UserDataService.swift */ = {isa = PBXFileReference; lastKnownFileType = sourcecode.swift; path = UserDataService.swift; sourceTree = "<group>"; };
		A5C414F7233E1C8D00833F23 /* AuthService.swift */ = {isa = PBXFileReference; lastKnownFileType = sourcecode.swift; path = AuthService.swift; sourceTree = "<group>"; };
		A5C414F9233E9A4D00833F23 /* RoundedButton.swift */ = {isa = PBXFileReference; lastKnownFileType = sourcecode.swift; path = RoundedButton.swift; sourceTree = "<group>"; };
		A5D4700922ECB52000907804 /* Constants.swift */ = {isa = PBXFileReference; lastKnownFileType = sourcecode.swift; path = Constants.swift; sourceTree = "<group>"; };
		A5D4700B22ECC92A00907804 /* LoginVC.swift */ = {isa = PBXFileReference; lastKnownFileType = sourcecode.swift; path = LoginVC.swift; sourceTree = "<group>"; };
		A5D4700D22ECCB5800907804 /* CreateAccountVC.swift */ = {isa = PBXFileReference; lastKnownFileType = sourcecode.swift; path = CreateAccountVC.swift; sourceTree = "<group>"; };
/* End PBXFileReference section */

/* Begin PBXFrameworksBuildPhase section */
		A5972B00227637EB00FEC8E3 /* Frameworks */ = {
			isa = PBXFrameworksBuildPhase;
			buildActionMask = 2147483647;
			files = (
				8884A9BD3615DBBD8EB95C29 /* Pods_smack.framework in Frameworks */,
			);
			runOnlyForDeploymentPostprocessing = 0;
		};
/* End PBXFrameworksBuildPhase section */

/* Begin PBXGroup section */
		01317608AFFBF0F675654E2D /* Frameworks */ = {
			isa = PBXGroup;
			children = (
				69A1167047BB8080FDBD9099 /* Pods_smack.framework */,
			);
			name = Frameworks;
			sourceTree = "<group>";
		};
		5F77F5D60DFC55A6ADB154CA /* Pods */ = {
			isa = PBXGroup;
			children = (
				55DFF618AA4B39D2F01C9463 /* Pods-smack.debug.xcconfig */,
				3375F7BA4AD31D4B40B922E2 /* Pods-smack.release.xcconfig */,
			);
			name = Pods;
			sourceTree = "<group>";
		};
		A54953A822ECA236004A3FE5 /* Supporting_files */ = {
			isa = PBXGroup;
			children = (
				A54953AB22ECA26A004A3FE5 /* SWRevealViewController.h */,
				A54953AA22ECA26A004A3FE5 /* SWRevealViewController.m */,
				A54953A922ECA26A004A3FE5 /* smack-Bridging-Header.h */,
			);
			path = Supporting_files;
			sourceTree = "<group>";
		};
		A54953AD22ECA572004A3FE5 /* Controller */ = {
			isa = PBXGroup;
			children = (
				A54953B022ECA5A4004A3FE5 /* ChatVC.swift */,
				A54953B222ECA5B7004A3FE5 /* ChannelVC.swift */,
				A5D4700B22ECC92A00907804 /* LoginVC.swift */,
				A5D4700D22ECCB5800907804 /* CreateAccountVC.swift */,
				A5A0251E234755A000E01666 /* AvatarPickerViewController.swift */,
			);
			path = Controller;
			sourceTree = "<group>";
		};
		A54953AE22ECA578004A3FE5 /* View */ = {
			isa = PBXGroup;
			children = (
				A54953B422ECAB10004A3FE5 /* GradientView.swift */,
				A5C414F9233E9A4D00833F23 /* RoundedButton.swift */,
				A5A025202347578E00E01666 /* AvatarCell.swift */,
			);
			path = View;
			sourceTree = "<group>";
		};
		A54953AF22ECA57F004A3FE5 /* Model */ = {
			isa = PBXGroup;
			children = (
			);
			path = Model;
			sourceTree = "<group>";
		};
		A5972AFA227637EB00FEC8E3 = {
			isa = PBXGroup;
			children = (
				A5972B05227637EB00FEC8E3 /* smack */,
				A5972B04227637EB00FEC8E3 /* Products */,
				5F77F5D60DFC55A6ADB154CA /* Pods */,
				01317608AFFBF0F675654E2D /* Frameworks */,
			);
			sourceTree = "<group>";
		};
		A5972B04227637EB00FEC8E3 /* Products */ = {
			isa = PBXGroup;
			children = (
				A5972B03227637EB00FEC8E3 /* smack.app */,
			);
			name = Products;
			sourceTree = "<group>";
		};
		A5972B05227637EB00FEC8E3 /* smack */ = {
			isa = PBXGroup;
			children = (
				A5C414F6233E1C7800833F23 /* Services */,
				A5D4700822ECB50000907804 /* Utilities */,
				A54953AF22ECA57F004A3FE5 /* Model */,
				A54953AE22ECA578004A3FE5 /* View */,
				A54953AD22ECA572004A3FE5 /* Controller */,
				A5972B06227637EB00FEC8E3 /* AppDelegate.swift */,
				A5972B0A227637EB00FEC8E3 /* Main.storyboard */,
				A5972B0D227637EB00FEC8E3 /* Assets.xcassets */,
				A5972B0F227637EB00FEC8E3 /* LaunchScreen.storyboard */,
				A5972B12227637EB00FEC8E3 /* Info.plist */,
				A54953A822ECA236004A3FE5 /* Supporting_files */,
			);
			path = smack;
			sourceTree = "<group>";
		};
		A5C414F6233E1C7800833F23 /* Services */ = {
			isa = PBXGroup;
			children = (
				A5C414F7233E1C8D00833F23 /* AuthService.swift */,
				A5A5857E233F9638000D6EB4 /* UserDataService.swift */,
			);
			path = Services;
			sourceTree = "<group>";
		};
		A5D4700822ECB50000907804 /* Utilities */ = {
			isa = PBXGroup;
			children = (
				A5D4700922ECB52000907804 /* Constants.swift */,
			);
			path = Utilities;
			sourceTree = "<group>";
		};
/* End PBXGroup section */

/* Begin PBXNativeTarget section */
		A5972B02227637EB00FEC8E3 /* smack */ = {
			isa = PBXNativeTarget;
			buildConfigurationList = A5972B15227637EB00FEC8E3 /* Build configuration list for PBXNativeTarget "smack" */;
			buildPhases = (
				2D4E2940CE1090ADD3573A1A /* [CP] Check Pods Manifest.lock */,
				A5972AFF227637EB00FEC8E3 /* Sources */,
				A5972B00227637EB00FEC8E3 /* Frameworks */,
				A5972B01227637EB00FEC8E3 /* Resources */,
				D1723F22EE17FF60A4F4F52F /* [CP] Embed Pods Frameworks */,
			);
			buildRules = (
			);
			dependencies = (
			);
			name = smack;
			productName = smack;
			productReference = A5972B03227637EB00FEC8E3 /* smack.app */;
			productType = "com.apple.product-type.application";
		};
/* End PBXNativeTarget section */

/* Begin PBXProject section */
		A5972AFB227637EB00FEC8E3 /* Project object */ = {
			isa = PBXProject;
			attributes = {
				LastSwiftUpdateCheck = 1020;
				LastUpgradeCheck = 1020;
				ORGANIZATIONNAME = "Sergey Neupokoev";
				TargetAttributes = {
					A5972B02227637EB00FEC8E3 = {
						CreatedOnToolsVersion = 10.2.1;
						LastSwiftMigration = 1030;
					};
				};
			};
			buildConfigurationList = A5972AFE227637EB00FEC8E3 /* Build configuration list for PBXProject "smack" */;
			compatibilityVersion = "Xcode 9.3";
			developmentRegion = en;
			hasScannedForEncodings = 0;
			knownRegions = (
				en,
				Base,
			);
			mainGroup = A5972AFA227637EB00FEC8E3;
			productRefGroup = A5972B04227637EB00FEC8E3 /* Products */;
			projectDirPath = "";
			projectRoot = "";
			targets = (
				A5972B02227637EB00FEC8E3 /* smack */,
			);
		};
/* End PBXProject section */

/* Begin PBXResourcesBuildPhase section */
		A5972B01227637EB00FEC8E3 /* Resources */ = {
			isa = PBXResourcesBuildPhase;
			buildActionMask = 2147483647;
			files = (
				A5972B11227637EB00FEC8E3 /* LaunchScreen.storyboard in Resources */,
				A5972B0E227637EB00FEC8E3 /* Assets.xcassets in Resources */,
				A5972B0C227637EB00FEC8E3 /* Main.storyboard in Resources */,
			);
			runOnlyForDeploymentPostprocessing = 0;
		};
/* End PBXResourcesBuildPhase section */

/* Begin PBXShellScriptBuildPhase section */
		2D4E2940CE1090ADD3573A1A /* [CP] Check Pods Manifest.lock */ = {
			isa = PBXShellScriptBuildPhase;
			buildActionMask = 2147483647;
			files = (
			);
			inputPaths = (
				"${PODS_PODFILE_DIR_PATH}/Podfile.lock",
				"${PODS_ROOT}/Manifest.lock",
			);
			name = "[CP] Check Pods Manifest.lock";
			outputPaths = (
				"$(DERIVED_FILE_DIR)/Pods-smack-checkManifestLockResult.txt",
			);
			runOnlyForDeploymentPostprocessing = 0;
			shellPath = /bin/sh;
			shellScript = "diff \"${PODS_PODFILE_DIR_PATH}/Podfile.lock\" \"${PODS_ROOT}/Manifest.lock\" > /dev/null\nif [ $? != 0 ] ; then\n    # print error to STDERR\n    echo \"error: The sandbox is not in sync with the Podfile.lock. Run 'pod install' or update your CocoaPods installation.\" >&2\n    exit 1\nfi\n# This output is used by Xcode 'outputs' to avoid re-running this script phase.\necho \"SUCCESS\" > \"${SCRIPT_OUTPUT_FILE_0}\"\n";
			showEnvVarsInLog = 0;
		};
		D1723F22EE17FF60A4F4F52F /* [CP] Embed Pods Frameworks */ = {
			isa = PBXShellScriptBuildPhase;
			buildActionMask = 2147483647;
			files = (
			);
			inputPaths = (
				"${SRCROOT}/Pods/Target Support Files/Pods-smack/Pods-smack-frameworks.sh",
				"${BUILT_PRODUCTS_DIR}/Alamofire/Alamofire.framework",
				"${BUILT_PRODUCTS_DIR}/Socket.IO-Client-Swift/SocketIO.framework",
				"${BUILT_PRODUCTS_DIR}/SwiftyJSON/SwiftyJSON.framework",
			);
			name = "[CP] Embed Pods Frameworks";
			outputPaths = (
				"${TARGET_BUILD_DIR}/${FRAMEWORKS_FOLDER_PATH}/Alamofire.framework",
				"${TARGET_BUILD_DIR}/${FRAMEWORKS_FOLDER_PATH}/SocketIO.framework",
				"${TARGET_BUILD_DIR}/${FRAMEWORKS_FOLDER_PATH}/SwiftyJSON.framework",
			);
			runOnlyForDeploymentPostprocessing = 0;
			shellPath = /bin/sh;
			shellScript = "\"${SRCROOT}/Pods/Target Support Files/Pods-smack/Pods-smack-frameworks.sh\"\n";
			showEnvVarsInLog = 0;
		};
/* End PBXShellScriptBuildPhase section */

/* Begin PBXSourcesBuildPhase section */
		A5972AFF227637EB00FEC8E3 /* Sources */ = {
			isa = PBXSourcesBuildPhase;
			buildActionMask = 2147483647;
			files = (
				A54953B322ECA5B7004A3FE5 /* ChannelVC.swift in Sources */,
				A5C414FA233E9A4D00833F23 /* RoundedButton.swift in Sources */,
				A54953B122ECA5A4004A3FE5 /* ChatVC.swift in Sources */,
				A5A5857F233F9638000D6EB4 /* UserDataService.swift in Sources */,
				A5D4700E22ECCB5800907804 /* CreateAccountVC.swift in Sources */,
				A5C414F8233E1C8D00833F23 /* AuthService.swift in Sources */,
				A5A0251F234755A000E01666 /* AvatarPickerViewController.swift in Sources */,
				A5D4700C22ECC92A00907804 /* LoginVC.swift in Sources */,
				A54953B522ECAB10004A3FE5 /* GradientView.swift in Sources */,
				A5A025212347578E00E01666 /* AvatarCell.swift in Sources */,
				A5972B07227637EB00FEC8E3 /* AppDelegate.swift in Sources */,
				A54953AC22ECA26A004A3FE5 /* SWRevealViewController.m in Sources */,
				A5D4700A22ECB52000907804 /* Constants.swift in Sources */,
			);
			runOnlyForDeploymentPostprocessing = 0;
		};
/* End PBXSourcesBuildPhase section */

/* Begin PBXVariantGroup section */
		A5972B0A227637EB00FEC8E3 /* Main.storyboard */ = {
			isa = PBXVariantGroup;
			children = (
				A5972B0B227637EB00FEC8E3 /* Base */,
			);
			name = Main.storyboard;
			sourceTree = "<group>";
		};
		A5972B0F227637EB00FEC8E3 /* LaunchScreen.storyboard */ = {
			isa = PBXVariantGroup;
			children = (
				A5972B10227637EB00FEC8E3 /* Base */,
			);
			name = LaunchScreen.storyboard;
			sourceTree = "<group>";
		};
/* End PBXVariantGroup section */

/* Begin XCBuildConfiguration section */
		A5972B13227637EB00FEC8E3 /* Debug */ = {
			isa = XCBuildConfiguration;
			buildSettings = {
				ALWAYS_SEARCH_USER_PATHS = NO;
				CLANG_ANALYZER_NONNULL = YES;
				CLANG_ANALYZER_NUMBER_OBJECT_CONVERSION = YES_AGGRESSIVE;
				CLANG_CXX_LANGUAGE_STANDARD = "gnu++14";
				CLANG_CXX_LIBRARY = "libc++";
				CLANG_ENABLE_MODULES = YES;
				CLANG_ENABLE_OBJC_ARC = YES;
				CLANG_ENABLE_OBJC_WEAK = YES;
				CLANG_WARN_BLOCK_CAPTURE_AUTORELEASING = YES;
				CLANG_WARN_BOOL_CONVERSION = YES;
				CLANG_WARN_COMMA = YES;
				CLANG_WARN_CONSTANT_CONVERSION = YES;
				CLANG_WARN_DEPRECATED_OBJC_IMPLEMENTATIONS = YES;
				CLANG_WARN_DIRECT_OBJC_ISA_USAGE = YES_ERROR;
				CLANG_WARN_DOCUMENTATION_COMMENTS = YES;
				CLANG_WARN_EMPTY_BODY = YES;
				CLANG_WARN_ENUM_CONVERSION = YES;
				CLANG_WARN_INFINITE_RECURSION = YES;
				CLANG_WARN_INT_CONVERSION = YES;
				CLANG_WARN_NON_LITERAL_NULL_CONVERSION = YES;
				CLANG_WARN_OBJC_IMPLICIT_RETAIN_SELF = YES;
				CLANG_WARN_OBJC_LITERAL_CONVERSION = YES;
				CLANG_WARN_OBJC_ROOT_CLASS = YES_ERROR;
				CLANG_WARN_RANGE_LOOP_ANALYSIS = YES;
				CLANG_WARN_STRICT_PROTOTYPES = YES;
				CLANG_WARN_SUSPICIOUS_MOVE = YES;
				CLANG_WARN_UNGUARDED_AVAILABILITY = YES_AGGRESSIVE;
				CLANG_WARN_UNREACHABLE_CODE = YES;
				CLANG_WARN__DUPLICATE_METHOD_MATCH = YES;
				CODE_SIGN_IDENTITY = "iPhone Developer";
				COPY_PHASE_STRIP = NO;
				DEBUG_INFORMATION_FORMAT = dwarf;
				ENABLE_STRICT_OBJC_MSGSEND = YES;
				ENABLE_TESTABILITY = YES;
				GCC_C_LANGUAGE_STANDARD = gnu11;
				GCC_DYNAMIC_NO_PIC = NO;
				GCC_NO_COMMON_BLOCKS = YES;
				GCC_OPTIMIZATION_LEVEL = 0;
				GCC_PREPROCESSOR_DEFINITIONS = (
					"DEBUG=1",
					"$(inherited)",
				);
				GCC_WARN_64_TO_32_BIT_CONVERSION = YES;
				GCC_WARN_ABOUT_RETURN_TYPE = YES_ERROR;
				GCC_WARN_UNDECLARED_SELECTOR = YES;
				GCC_WARN_UNINITIALIZED_AUTOS = YES_AGGRESSIVE;
				GCC_WARN_UNUSED_FUNCTION = YES;
				GCC_WARN_UNUSED_VARIABLE = YES;
				IPHONEOS_DEPLOYMENT_TARGET = 12.2;
				MTL_ENABLE_DEBUG_INFO = INCLUDE_SOURCE;
				MTL_FAST_MATH = YES;
				ONLY_ACTIVE_ARCH = YES;
				SDKROOT = iphoneos;
				SWIFT_ACTIVE_COMPILATION_CONDITIONS = DEBUG;
				SWIFT_OPTIMIZATION_LEVEL = "-Onone";
			};
			name = Debug;
		};
		A5972B14227637EB00FEC8E3 /* Release */ = {
			isa = XCBuildConfiguration;
			buildSettings = {
				ALWAYS_SEARCH_USER_PATHS = NO;
				CLANG_ANALYZER_NONNULL = YES;
				CLANG_ANALYZER_NUMBER_OBJECT_CONVERSION = YES_AGGRESSIVE;
				CLANG_CXX_LANGUAGE_STANDARD = "gnu++14";
				CLANG_CXX_LIBRARY = "libc++";
				CLANG_ENABLE_MODULES = YES;
				CLANG_ENABLE_OBJC_ARC = YES;
				CLANG_ENABLE_OBJC_WEAK = YES;
				CLANG_WARN_BLOCK_CAPTURE_AUTORELEASING = YES;
				CLANG_WARN_BOOL_CONVERSION = YES;
				CLANG_WARN_COMMA = YES;
				CLANG_WARN_CONSTANT_CONVERSION = YES;
				CLANG_WARN_DEPRECATED_OBJC_IMPLEMENTATIONS = YES;
				CLANG_WARN_DIRECT_OBJC_ISA_USAGE = YES_ERROR;
				CLANG_WARN_DOCUMENTATION_COMMENTS = YES;
				CLANG_WARN_EMPTY_BODY = YES;
				CLANG_WARN_ENUM_CONVERSION = YES;
				CLANG_WARN_INFINITE_RECURSION = YES;
				CLANG_WARN_INT_CONVERSION = YES;
				CLANG_WARN_NON_LITERAL_NULL_CONVERSION = YES;
				CLANG_WARN_OBJC_IMPLICIT_RETAIN_SELF = YES;
				CLANG_WARN_OBJC_LITERAL_CONVERSION = YES;
				CLANG_WARN_OBJC_ROOT_CLASS = YES_ERROR;
				CLANG_WARN_RANGE_LOOP_ANALYSIS = YES;
				CLANG_WARN_STRICT_PROTOTYPES = YES;
				CLANG_WARN_SUSPICIOUS_MOVE = YES;
				CLANG_WARN_UNGUARDED_AVAILABILITY = YES_AGGRESSIVE;
				CLANG_WARN_UNREACHABLE_CODE = YES;
				CLANG_WARN__DUPLICATE_METHOD_MATCH = YES;
				CODE_SIGN_IDENTITY = "iPhone Developer";
				COPY_PHASE_STRIP = NO;
				DEBUG_INFORMATION_FORMAT = "dwarf-with-dsym";
				ENABLE_NS_ASSERTIONS = NO;
				ENABLE_STRICT_OBJC_MSGSEND = YES;
				GCC_C_LANGUAGE_STANDARD = gnu11;
				GCC_NO_COMMON_BLOCKS = YES;
				GCC_WARN_64_TO_32_BIT_CONVERSION = YES;
				GCC_WARN_ABOUT_RETURN_TYPE = YES_ERROR;
				GCC_WARN_UNDECLARED_SELECTOR = YES;
				GCC_WARN_UNINITIALIZED_AUTOS = YES_AGGRESSIVE;
				GCC_WARN_UNUSED_FUNCTION = YES;
				GCC_WARN_UNUSED_VARIABLE = YES;
				IPHONEOS_DEPLOYMENT_TARGET = 12.2;
				MTL_ENABLE_DEBUG_INFO = NO;
				MTL_FAST_MATH = YES;
				SDKROOT = iphoneos;
				SWIFT_COMPILATION_MODE = wholemodule;
				SWIFT_OPTIMIZATION_LEVEL = "-O";
				VALIDATE_PRODUCT = YES;
			};
			name = Release;
		};
		A5972B16227637EB00FEC8E3 /* Debug */ = {
			isa = XCBuildConfiguration;
			baseConfigurationReference = 55DFF618AA4B39D2F01C9463 /* Pods-smack.debug.xcconfig */;
			buildSettings = {
				ASSETCATALOG_COMPILER_APPICON_NAME = AppIcon;
				CLANG_ENABLE_MODULES = YES;
				CODE_SIGN_STYLE = Automatic;
				DEVELOPMENT_TEAM = 4Y32W65SMG;
				INFOPLIST_FILE = smack/Info.plist;
				LD_RUNPATH_SEARCH_PATHS = (
					"$(inherited)",
					"@executable_path/Frameworks",
				);
				PRODUCT_BUNDLE_IDENTIFIER = X3.Smack;
				PRODUCT_NAME = "$(TARGET_NAME)";
				SWIFT_OBJC_BRIDGING_HEADER = "smack/Supporting_files/smack-Bridging-Header.h";
				SWIFT_OPTIMIZATION_LEVEL = "-Onone";
				SWIFT_VERSION = 5.0;
				TARGETED_DEVICE_FAMILY = "1,2";
			};
			name = Debug;
		};
		A5972B17227637EB00FEC8E3 /* Release */ = {
			isa = XCBuildConfiguration;
			baseConfigurationReference = 3375F7BA4AD31D4B40B922E2 /* Pods-smack.release.xcconfig */;
			buildSettings = {
				ASSETCATALOG_COMPILER_APPICON_NAME = AppIcon;
				CLANG_ENABLE_MODULES = YES;
				CODE_SIGN_STYLE = Automatic;
				DEVELOPMENT_TEAM = 4Y32W65SMG;
				INFOPLIST_FILE = smack/Info.plist;
				LD_RUNPATH_SEARCH_PATHS = (
					"$(inherited)",
					"@executable_path/Frameworks",
				);
				PRODUCT_BUNDLE_IDENTIFIER = X3.Smack;
				PRODUCT_NAME = "$(TARGET_NAME)";
				SWIFT_OBJC_BRIDGING_HEADER = "smack/Supporting_files/smack-Bridging-Header.h";
				SWIFT_VERSION = 5.0;
				TARGETED_DEVICE_FAMILY = "1,2";
			};
			name = Release;
		};
/* End XCBuildConfiguration section */

/* Begin XCConfigurationList section */
		A5972AFE227637EB00FEC8E3 /* Build configuration list for PBXProject "smack" */ = {
			isa = XCConfigurationList;
			buildConfigurations = (
				A5972B13227637EB00FEC8E3 /* Debug */,
				A5972B14227637EB00FEC8E3 /* Release */,
			);
			defaultConfigurationIsVisible = 0;
			defaultConfigurationName = Release;
		};
		A5972B15227637EB00FEC8E3 /* Build configuration list for PBXNativeTarget "smack" */ = {
			isa = XCConfigurationList;
			buildConfigurations = (
				A5972B16227637EB00FEC8E3 /* Debug */,
				A5972B17227637EB00FEC8E3 /* Release */,
			);
			defaultConfigurationIsVisible = 0;
			defaultConfigurationName = Release;
		};
/* End XCConfigurationList section */
	};
	rootObject = A5972AFB227637EB00FEC8E3 /* Project object */;
}
